<?xml version="1.0" encoding="utf-8"?>
<Project ToolsVersion="4.0" xmlns="http://schemas.microsoft.com/developer/msbuild/2003">
  <ItemGroup>
    <Filter Include="源文件">
      <UniqueIdentifier>{4FC737F1-C7A5-4376-A066-2A32D752A2FF}</UniqueIdentifier>
      <Extensions>cpp;c;cc;cxx;def;odl;idl;hpj;bat;asm;asmx</Extensions>
    </Filter>
    <Filter Include="头文件">
      <UniqueIdentifier>{93995380-89BD-4b04-88EB-625FBE52EBFB}</UniqueIdentifier>
      <Extensions>h;hpp;hxx;hm;inl;inc;xsd</Extensions>
    </Filter>
    <Filter Include="资源文件">
      <UniqueIdentifier>{67DA6AB6-F800-4c08-8B7A-83BB121AAD01}</UniqueIdentifier>
      <Extensions>rc;ico;cur;bmp;dlg;rc2;rct;bin;rgs;gif;jpg;jpeg;jpe;resx;tiff;tif;png;wav</Extensions>
    </Filter>
    <Filter Include="zlib">
      <UniqueIdentifier>{e2552255-6734-41b5-927c-f1d67626d667}</UniqueIdentifier>
    </Filter>
    <Filter Include="pthread">
      <UniqueIdentifier>{4ec8076e-9199-413e-b01e-89441d242fd2}</UniqueIdentifier>
    </Filter>
  </ItemGroup>
  <ItemGroup>
    <ClCompile Include="hashCode.cpp">
      <Filter>源文件</Filter>
    </ClCompile>
    <ClCompile Include="md5Code.cpp">
      <Filter>源文件</Filter>
    </ClCompile>
    <ClCompile Include="MPQDiffer.cpp">
      <Filter>源文件</Filter>
    </ClCompile>
    <ClCompile Include="MPQPackage.cpp">
      <Filter>源文件</Filter>
    </ClCompile>
    <ClCompile Include="MPQPacker.cpp">
      <Filter>源文件</Filter>
    </ClCompile>
    <ClCompile Include="MPQPatcher.cpp">
      <Filter>源文件</Filter>
    </ClCompile>
    <ClCompile Include="RunnableAsync.cpp">
      <Filter>源文件</Filter>
    </ClCompile>
    <ClCompile Include="zlib\adler32.c">
      <Filter>zlib</Filter>
    </ClCompile>
    <ClCompile Include="zlib\compress.c">
      <Filter>zlib</Filter>
    </ClCompile>
    <ClCompile Include="zlib\crc32.c">
      <Filter>zlib</Filter>
    </ClCompile>
    <ClCompile Include="zlib\deflate.c">
      <Filter>zlib</Filter>
    </ClCompile>
    <ClCompile Include="zlib\gzclose.c">
      <Filter>zlib</Filter>
    </ClCompile>
    <ClCompile Include="zlib\gzlib.c">
      <Filter>zlib</Filter>
    </ClCompile>
    <ClCompile Include="zlib\gzread.c">
      <Filter>zlib</Filter>
    </ClCompile>
    <ClCompile Include="zlib\gzwrite.c">
      <Filter>zlib</Filter>
    </ClCompile>
    <ClCompile Include="zlib\infback.c">
      <Filter>zlib</Filter>
    </ClCompile>
    <ClCompile Include="zlib\inffast.c">
      <Filter>zlib</Filter>
    </ClCompile>
    <ClCompile Include="zlib\inflate.c">
      <Filter>zlib</Filter>
    </ClCompile>
    <ClCompile Include="zlib\inftrees.c">
      <Filter>zlib</Filter>
    </ClCompile>
    <ClCompile Include="zlib\trees.c">
      <Filter>zlib</Filter>
    </ClCompile>
    <ClCompile Include="zlib\uncompr.c">
      <Filter>zlib</Filter>
    </ClCompile>
    <ClCompile Include="zlib\zutil.c">
      <Filter>zlib</Filter>
    </ClCompile>
  </ItemGroup>
  <ItemGroup>
    <ClInclude Include="common.h">
      <Filter>头文件</Filter>
    </ClInclude>
    <ClInclude Include="hashCode.h">
      <Filter>头文件</Filter>
    </ClInclude>
    <ClInclude Include="md5Code.h">
      <Filter>头文件</Filter>
    </ClInclude>
    <ClInclude Include="MPQDiffer.h">
      <Filter>头文件</Filter>
    </ClInclude>
    <ClInclude Include="MPQPackage.h">
      <Filter>头文件</Filter>
    </ClInclude>
    <ClInclude Include="MPQPacker.h">
      <Filter>头文件</Filter>
    </ClInclude>
    <ClInclude Include="MPQPatcher.h">
      <Filter>头文件</Filter>
    </ClInclude>
    <ClInclude Include="ProgressData.h">
      <Filter>头文件</Filter>
    </ClInclude>
    <ClInclude Include="RunnableAsync.h">
      <Filter>头文件</Filter>
    </ClInclude>
    <ClInclude Include="zlib\crc32.h">
      <Filter>zlib</Filter>
    </ClInclude>
    <ClInclude Include="zlib\deflate.h">
      <Filter>zlib</Filter>
    </ClInclude>
    <ClInclude Include="zlib\gzguts.h">
      <Filter>zlib</Filter>
    </ClInclude>
    <ClInclude Include="zlib\inffast.h">
      <Filter>zlib</Filter>
    </ClInclude>
    <ClInclude Include="zlib\inffixed.h">
      <Filter>zlib</Filter>
    </ClInclude>
    <ClInclude Include="zlib\inflate.h">
      <Filter>zlib</Filter>
    </ClInclude>
    <ClInclude Include="zlib\inftrees.h">
      <Filter>zlib</Filter>
    </ClInclude>
    <ClInclude Include="zlib\trees.h">
      <Filter>zlib</Filter>
    </ClInclude>
    <ClInclude Include="zlib\zconf.h">
      <Filter>zlib</Filter>
    </ClInclude>
    <ClInclude Include="zlib\zlib.h">
      <Filter>zlib</Filter>
    </ClInclude>
    <ClInclude Include="zlib\zutil.h">
      <Filter>zlib</Filter>
    </ClInclude>
    <ClInclude Include="pthread\pthread.h">
      <Filter>pthread</Filter>
    </ClInclude>
    <ClInclude Include="pthread\sched.h">
      <Filter>pthread</Filter>
    </ClInclude>
    <ClInclude Include="pthread\semaphore.h">
      <Filter>pthread</Filter>
    </ClInclude>
  </ItemGroup>
  <ItemGroup>
    <Text Include="zlib\ReadMe.txt">
      <Filter>zlib</Filter>
    </Text>
    <Text Include="ReadMe.txt" />
  </ItemGroup>
</Project>